
Microsoft Visual Studio Solution File, Format Version 12.00
# Visual Studio Version 16
VisualStudioVersion = 16.0.29418.71
MinimumVisualStudioVersion = 10.0.40219.1
Project("{2150E333-8FDC-42A3-9474-1A3956D46DE8}") = "Build", "Build", "{9409F3C3-B313-4767-AB93-0E3B4E9F61B9}"
	ProjectSection(SolutionItems) = preProject
		build.cake = build.cake
		build.ps1 = build.ps1
		cake-config.json = cake-config.json
		publishsettings.targets = publishsettings.targets
	EndProjectSection
	ProjectSection(FolderGlobals) = preProject
		E_5_4Projects_4Isuzu_4BE_4server_4cake-config_1json__JsonSchema = {
	EndProjectSection
EndProject
Project("{2150E333-8FDC-42A3-9474-1A3956D46DE8}") = "CakeScripts", "CakeScripts", "{58B12CE8-0F2B-4E74-A61D-76C36776589B}"
	ProjectSection(SolutionItems) = preProject
		CakeScripts\helper-methods.cake = CakeScripts\helper-methods.cake
	EndProjectSection
EndProject
Project("{2150E333-8FDC-42A3-9474-1A3956D46DE8}") = "Scripts", "Scripts", "{C18E560F-D66D-490B-B6E9-BA149166D233}"
EndProject
Project("{2150E333-8FDC-42A3-9474-1A3956D46DE8}") = "Unicorn", "Unicorn", "{38D05F6E-1A40-4B38-BB64-82220085FEF6}"
	ProjectSection(SolutionItems) = preProject
		scripts\Unicorn\Sync.ps1 = scripts\Unicorn\Sync.ps1
		scripts\Unicorn\Unicorn.psm1 = scripts\Unicorn\Unicorn.psm1
	EndProjectSection
EndProject
Project("{2150E333-8FDC-42A3-9474-1A3956D46DE8}") = "Feature", "Feature", "{793A4AD2-0A79-4A1C-BFBF-E0A3BC7B5E97}"
EndProject
Project("{2150E333-8FDC-42A3-9474-1A3956D46DE8}") = "Foundation", "Foundation", "{EDE3845D-78A7-421B-97B6-CDCE28311569}"
EndProject
Project("{2150E333-8FDC-42A3-9474-1A3956D46DE8}") = "Project", "Project", "{EA401552-2AAA-4F19-A1BF-01E1CA119453}"
EndProject
Project("{FAE04EC0-301F-11D3-BF4B-00C04F79EFBC}") = "MockProject.Foundation.Serialization", "src\Foundation\Serialization\code\MockProject.Foundation.Serialization.csproj", "{CE150842-25D5-4673-B4F8-F951465EFA28}"
EndProject
Project("{FAE04EC0-301F-11D3-BF4B-00C04F79EFBC}") = "MockProject.Foundation.SitecoreExtensions", "src\Foundation\SitecoreExtensions\code\MockProject.Foundation.SitecoreExtensions.csproj", "{167F35B5-8CFE-400E-9CF6-8F828039C8EC}"
EndProject
Project("{FAE04EC0-301F-11D3-BF4B-00C04F79EFBC}") = "MockProject.Foundation.DependencyInjection", "src\Foundation\DependencyInjection\code\MockProject.Foundation.DependencyInjection.csproj", "{FE4712C8-3C02-45F1-B930-0973B704826C}"
EndProject
Project("{FAE04EC0-301F-11D3-BF4B-00C04F79EFBC}") = "MockProject.Foundation.GlassMapper", "src\Foundation\GlassMapper\code\MockProject.Foundation.GlassMapper.csproj", "{906FB2C2-33E4-4436-8D40-9F4906BFEB35}"
EndProject
Project("{FAE04EC0-301F-11D3-BF4B-00C04F79EFBC}") = "MockProject.Foundation.Mvc", "src\Foundation\Mvc\code\MockProject.Foundation.Mvc.csproj", "{417A5298-C85F-44B5-BCB0-8A0665CAF45E}"
EndProject
Project("{2150E333-8FDC-42A3-9474-1A3956D46DE8}") = "DependencyInjection", "DependencyInjection", "{83B5E153-0728-4228-85C4-4CE5EB705A49}"
EndProject
Project("{2150E333-8FDC-42A3-9474-1A3956D46DE8}") = "GlassMapper", "GlassMapper", "{02CA579A-27A0-4765-9ABF-A892445DE61A}"
EndProject
Project("{2150E333-8FDC-42A3-9474-1A3956D46DE8}") = "Mvc", "Mvc", "{0841E291-1A3D-4561-B469-F15D33A19342}"
EndProject
Project("{2150E333-8FDC-42A3-9474-1A3956D46DE8}") = "Serialization", "Serialization", "{9F767F40-6BBC-46AE-92D4-EAEF011ED346}"
EndProject
Project("{2150E333-8FDC-42A3-9474-1A3956D46DE8}") = "SitecoreExtension", "SitecoreExtension", "{659FD0A2-2482-4D82-9800-41C44D91FA5E}"
EndProject
Project("{2150E333-8FDC-42A3-9474-1A3956D46DE8}") = "MockProject", "MockProject", "{D39FE7C9-9E12-4E37-B99E-E17E0DDCF5A8}"
EndProject
Project("{2150E333-8FDC-42A3-9474-1A3956D46DE8}") = "Layout", "Layout", "{AA218213-7BE1-4C7C-9ABD-1ADFB0973370}"
EndProject
Project("{FAE04EC0-301F-11D3-BF4B-00C04F79EFBC}") = "MockProject.Foundation.Layout", "src\Foundation\Layout\code\MockProject.Foundation.Layout.csproj", "{3C64A205-C35F-4C31-9B21-E74664F6C254}"
EndProject
Project("{FAE04EC0-301F-11D3-BF4B-00C04F79EFBC}") = "MockProject.Web", "src\Project\MockProject\code\MockProject.Web.csproj", "{E5B68690-9A50-49D8-9B1A-E8C5DA181ADC}"
EndProject
Project("{2150E333-8FDC-42A3-9474-1A3956D46DE8}") = "Common", "Common", "{21A6F351-EC58-4792-8DDC-4753A52682F3}"
EndProject
Project("{FAE04EC0-301F-11D3-BF4B-00C04F79EFBC}") = "MockProject.Common.Web", "src\Project\Common\code\MockProject.Common.Web.csproj", "{195CBB90-8A32-4B22-99F3-BC5D62D6D2DD}"
EndProject
Project("{2150E333-8FDC-42A3-9474-1A3956D46DE8}") = "Caching", "Caching", "{8E3A2A18-9E8A-4F19-ADE4-2D7948B93ABA}"
EndProject
Project("{2150E333-8FDC-42A3-9474-1A3956D46DE8}") = "Analytics", "Analytics", "{EF0977DC-E57D-4E68-8DD5-034DCC2FFF84}"
EndProject
Project("{FAE04EC0-301F-11D3-BF4B-00C04F79EFBC}") = "MockProject.Foundation.Analytics", "src\Foundation\Analytics\code\MockProject.Foundation.Analytics.csproj", "{C3A40AFF-C7A3-4797-BB33-4111C9B58580}"
EndProject
Project("{2150E333-8FDC-42A3-9474-1A3956D46DE8}") = "PageStructure", "PageStructure", "{C3BEC74D-5004-4179-8070-9EAE60DC5021}"
EndProject
Project("{FAE04EC0-301F-11D3-BF4B-00C04F79EFBC}") = "MockProject.Feature.PageStructure", "src\Feature\PageStructure\code\MockProject.Feature.PageStructure.csproj", "{486A0B89-AFFA-434A-AFC4-DBFA30FACD3E}"
EndProject
Project("{FAE04EC0-301F-11D3-BF4B-00C04F79EFBC}") = "MockProject.Foundation.Caching", "src\Foundation\Caching\code\MockProject.Foundation.Caching.csproj", "{303E3B02-F944-4CB9-B18F-960C28724F65}"
EndProject
Project("{2150E333-8FDC-42A3-9474-1A3956D46DE8}") = "Sample", "Sample", "{C0AAD11A-23A0-4587-91E4-F27389D56753}"
EndProject
Project("{FAE04EC0-301F-11D3-BF4B-00C04F79EFBC}") = "MockProject.Feature.Sample", "src\Feature\Sample\code\MockProject.Feature.Sample.csproj", "{075B0F12-F7F4-40EB-A7DD-C7737FCAC84F}"
EndProject
Global
	GlobalSection(SolutionConfigurationPlatforms) = preSolution
		ACC|Any CPU = ACC|Any CPU
		Common|Any CPU = Common|Any CPU
		Debug|Any CPU = Debug|Any CPU
		Release|Any CPU = Release|Any CPU
		Staging|Any CPU = Staging|Any CPU
		TDSBuild|Any CPU = TDSBuild|Any CPU
	EndGlobalSection
	GlobalSection(ProjectConfigurationPlatforms) = postSolution
		{CE150842-25D5-4673-B4F8-F951465EFA28}.ACC|Any CPU.ActiveCfg = Debug|Any CPU
		{CE150842-25D5-4673-B4F8-F951465EFA28}.ACC|Any CPU.Build.0 = Debug|Any CPU
		{CE150842-25D5-4673-B4F8-F951465EFA28}.Common|Any CPU.ActiveCfg = Release|Any CPU
		{CE150842-25D5-4673-B4F8-F951465EFA28}.Common|Any CPU.Build.0 = Release|Any CPU
		{CE150842-25D5-4673-B4F8-F951465EFA28}.Debug|Any CPU.ActiveCfg = Debug|Any CPU
		{CE150842-25D5-4673-B4F8-F951465EFA28}.Debug|Any CPU.Build.0 = Debug|Any CPU
		{CE150842-25D5-4673-B4F8-F951465EFA28}.Release|Any CPU.ActiveCfg = Release|Any CPU
		{CE150842-25D5-4673-B4F8-F951465EFA28}.Release|Any CPU.Build.0 = Release|Any CPU
		{CE150842-25D5-4673-B4F8-F951465EFA28}.Staging|Any CPU.ActiveCfg = Debug|Any CPU
		{CE150842-25D5-4673-B4F8-F951465EFA28}.Staging|Any CPU.Build.0 = Debug|Any CPU
		{CE150842-25D5-4673-B4F8-F951465EFA28}.TDSBuild|Any CPU.ActiveCfg = Debug|Any CPU
		{CE150842-25D5-4673-B4F8-F951465EFA28}.TDSBuild|Any CPU.Build.0 = Debug|Any CPU
		{167F35B5-8CFE-400E-9CF6-8F828039C8EC}.ACC|Any CPU.ActiveCfg = Debug|Any CPU
		{167F35B5-8CFE-400E-9CF6-8F828039C8EC}.ACC|Any CPU.Build.0 = Debug|Any CPU
		{167F35B5-8CFE-400E-9CF6-8F828039C8EC}.Common|Any CPU.ActiveCfg = Release|Any CPU
		{167F35B5-8CFE-400E-9CF6-8F828039C8EC}.Common|Any CPU.Build.0 = Release|Any CPU
		{167F35B5-8CFE-400E-9CF6-8F828039C8EC}.Debug|Any CPU.ActiveCfg = Debug|Any CPU
		{167F35B5-8CFE-400E-9CF6-8F828039C8EC}.Debug|Any CPU.Build.0 = Debug|Any CPU
		{167F35B5-8CFE-400E-9CF6-8F828039C8EC}.Release|Any CPU.ActiveCfg = Release|Any CPU
		{167F35B5-8CFE-400E-9CF6-8F828039C8EC}.Release|Any CPU.Build.0 = Release|Any CPU
		{167F35B5-8CFE-400E-9CF6-8F828039C8EC}.Staging|Any CPU.ActiveCfg = Debug|Any CPU
		{167F35B5-8CFE-400E-9CF6-8F828039C8EC}.Staging|Any CPU.Build.0 = Debug|Any CPU
		{167F35B5-8CFE-400E-9CF6-8F828039C8EC}.TDSBuild|Any CPU.ActiveCfg = Debug|Any CPU
		{167F35B5-8CFE-400E-9CF6-8F828039C8EC}.TDSBuild|Any CPU.Build.0 = Debug|Any CPU
		{FE4712C8-3C02-45F1-B930-0973B704826C}.ACC|Any CPU.ActiveCfg = Release|Any CPU
		{FE4712C8-3C02-45F1-B930-0973B704826C}.ACC|Any CPU.Build.0 = Release|Any CPU
		{FE4712C8-3C02-45F1-B930-0973B704826C}.Common|Any CPU.ActiveCfg = Debug|Any CPU
		{FE4712C8-3C02-45F1-B930-0973B704826C}.Common|Any CPU.Build.0 = Debug|Any CPU
		{FE4712C8-3C02-45F1-B930-0973B704826C}.Debug|Any CPU.ActiveCfg = Debug|Any CPU
		{FE4712C8-3C02-45F1-B930-0973B704826C}.Debug|Any CPU.Build.0 = Debug|Any CPU
		{FE4712C8-3C02-45F1-B930-0973B704826C}.Release|Any CPU.ActiveCfg = Release|Any CPU
		{FE4712C8-3C02-45F1-B930-0973B704826C}.Release|Any CPU.Build.0 = Release|Any CPU
		{FE4712C8-3C02-45F1-B930-0973B704826C}.Staging|Any CPU.ActiveCfg = Debug|Any CPU
		{FE4712C8-3C02-45F1-B930-0973B704826C}.Staging|Any CPU.Build.0 = Debug|Any CPU
		{FE4712C8-3C02-45F1-B930-0973B704826C}.TDSBuild|Any CPU.ActiveCfg = Debug|Any CPU
		{FE4712C8-3C02-45F1-B930-0973B704826C}.TDSBuild|Any CPU.Build.0 = Debug|Any CPU
		{906FB2C2-33E4-4436-8D40-9F4906BFEB35}.ACC|Any CPU.ActiveCfg = Release|Any CPU
		{906FB2C2-33E4-4436-8D40-9F4906BFEB35}.ACC|Any CPU.Build.0 = Release|Any CPU
		{906FB2C2-33E4-4436-8D40-9F4906BFEB35}.Common|Any CPU.ActiveCfg = Debug|Any CPU
		{906FB2C2-33E4-4436-8D40-9F4906BFEB35}.Common|Any CPU.Build.0 = Debug|Any CPU
		{906FB2C2-33E4-4436-8D40-9F4906BFEB35}.Debug|Any CPU.ActiveCfg = Debug|Any CPU
		{906FB2C2-33E4-4436-8D40-9F4906BFEB35}.Debug|Any CPU.Build.0 = Debug|Any CPU
		{906FB2C2-33E4-4436-8D40-9F4906BFEB35}.Release|Any CPU.ActiveCfg = Release|Any CPU
		{906FB2C2-33E4-4436-8D40-9F4906BFEB35}.Release|Any CPU.Build.0 = Release|Any CPU
		{906FB2C2-33E4-4436-8D40-9F4906BFEB35}.Staging|Any CPU.ActiveCfg = Debug|Any CPU
		{906FB2C2-33E4-4436-8D40-9F4906BFEB35}.Staging|Any CPU.Build.0 = Debug|Any CPU
		{906FB2C2-33E4-4436-8D40-9F4906BFEB35}.TDSBuild|Any CPU.ActiveCfg = Debug|Any CPU
		{906FB2C2-33E4-4436-8D40-9F4906BFEB35}.TDSBuild|Any CPU.Build.0 = Debug|Any CPU
		{417A5298-C85F-44B5-BCB0-8A0665CAF45E}.ACC|Any CPU.ActiveCfg = Release|Any CPU
		{417A5298-C85F-44B5-BCB0-8A0665CAF45E}.ACC|Any CPU.Build.0 = Release|Any CPU
		{417A5298-C85F-44B5-BCB0-8A0665CAF45E}.Common|Any CPU.ActiveCfg = Debug|Any CPU
		{417A5298-C85F-44B5-BCB0-8A0665CAF45E}.Common|Any CPU.Build.0 = Debug|Any CPU
		{417A5298-C85F-44B5-BCB0-8A0665CAF45E}.Debug|Any CPU.ActiveCfg = Debug|Any CPU
		{417A5298-C85F-44B5-BCB0-8A0665CAF45E}.Debug|Any CPU.Build.0 = Debug|Any CPU
		{417A5298-C85F-44B5-BCB0-8A0665CAF45E}.Release|Any CPU.ActiveCfg = Release|Any CPU
		{417A5298-C85F-44B5-BCB0-8A0665CAF45E}.Release|Any CPU.Build.0 = Release|Any CPU
		{417A5298-C85F-44B5-BCB0-8A0665CAF45E}.Staging|Any CPU.ActiveCfg = Debug|Any CPU
		{417A5298-C85F-44B5-BCB0-8A0665CAF45E}.Staging|Any CPU.Build.0 = Debug|Any CPU
		{417A5298-C85F-44B5-BCB0-8A0665CAF45E}.TDSBuild|Any CPU.ActiveCfg = Debug|Any CPU
		{417A5298-C85F-44B5-BCB0-8A0665CAF45E}.TDSBuild|Any CPU.Build.0 = Debug|Any CPU
		{3C64A205-C35F-4C31-9B21-E74664F6C254}.ACC|Any CPU.ActiveCfg = Release|Any CPU
		{3C64A205-C35F-4C31-9B21-E74664F6C254}.ACC|Any CPU.Build.0 = Release|Any CPU
		{3C64A205-C35F-4C31-9B21-E74664F6C254}.Common|Any CPU.ActiveCfg = Debug|Any CPU
		{3C64A205-C35F-4C31-9B21-E74664F6C254}.Common|Any CPU.Build.0 = Debug|Any CPU
		{3C64A205-C35F-4C31-9B21-E74664F6C254}.Debug|Any CPU.ActiveCfg = Debug|Any CPU
		{3C64A205-C35F-4C31-9B21-E74664F6C254}.Debug|Any CPU.Build.0 = Debug|Any CPU
		{3C64A205-C35F-4C31-9B21-E74664F6C254}.Release|Any CPU.ActiveCfg = Release|Any CPU
		{3C64A205-C35F-4C31-9B21-E74664F6C254}.Release|Any CPU.Build.0 = Release|Any CPU
		{3C64A205-C35F-4C31-9B21-E74664F6C254}.Staging|Any CPU.ActiveCfg = Debug|Any CPU
		{3C64A205-C35F-4C31-9B21-E74664F6C254}.Staging|Any CPU.Build.0 = Debug|Any CPU
		{3C64A205-C35F-4C31-9B21-E74664F6C254}.TDSBuild|Any CPU.ActiveCfg = Debug|Any CPU
		{3C64A205-C35F-4C31-9B21-E74664F6C254}.TDSBuild|Any CPU.Build.0 = Debug|Any CPU
		{E5B68690-9A50-49D8-9B1A-E8C5DA181ADC}.ACC|Any CPU.ActiveCfg = Release|Any CPU
		{E5B68690-9A50-49D8-9B1A-E8C5DA181ADC}.ACC|Any CPU.Build.0 = Release|Any CPU
		{E5B68690-9A50-49D8-9B1A-E8C5DA181ADC}.Common|Any CPU.ActiveCfg = Debug|Any CPU
		{E5B68690-9A50-49D8-9B1A-E8C5DA181ADC}.Common|Any CPU.Build.0 = Debug|Any CPU
		{E5B68690-9A50-49D8-9B1A-E8C5DA181ADC}.Debug|Any CPU.ActiveCfg = Debug|Any CPU
		{E5B68690-9A50-49D8-9B1A-E8C5DA181ADC}.Debug|Any CPU.Build.0 = Debug|Any CPU
		{E5B68690-9A50-49D8-9B1A-E8C5DA181ADC}.Release|Any CPU.ActiveCfg = Release|Any CPU
		{E5B68690-9A50-49D8-9B1A-E8C5DA181ADC}.Release|Any CPU.Build.0 = Release|Any CPU
		{E5B68690-9A50-49D8-9B1A-E8C5DA181ADC}.Staging|Any CPU.ActiveCfg = Debug|Any CPU
		{E5B68690-9A50-49D8-9B1A-E8C5DA181ADC}.Staging|Any CPU.Build.0 = Debug|Any CPU
		{E5B68690-9A50-49D8-9B1A-E8C5DA181ADC}.TDSBuild|Any CPU.ActiveCfg = Debug|Any CPU
		{E5B68690-9A50-49D8-9B1A-E8C5DA181ADC}.TDSBuild|Any CPU.Build.0 = Debug|Any CPU
		{195CBB90-8A32-4B22-99F3-BC5D62D6D2DD}.ACC|Any CPU.ActiveCfg = Release|Any CPU
		{195CBB90-8A32-4B22-99F3-BC5D62D6D2DD}.ACC|Any CPU.Build.0 = Release|Any CPU
		{195CBB90-8A32-4B22-99F3-BC5D62D6D2DD}.Common|Any CPU.ActiveCfg = Debug|Any CPU
		{195CBB90-8A32-4B22-99F3-BC5D62D6D2DD}.Common|Any CPU.Build.0 = Debug|Any CPU
		{195CBB90-8A32-4B22-99F3-BC5D62D6D2DD}.Debug|Any CPU.ActiveCfg = Debug|Any CPU
		{195CBB90-8A32-4B22-99F3-BC5D62D6D2DD}.Debug|Any CPU.Build.0 = Debug|Any CPU
		{195CBB90-8A32-4B22-99F3-BC5D62D6D2DD}.Release|Any CPU.ActiveCfg = Release|Any CPU
		{195CBB90-8A32-4B22-99F3-BC5D62D6D2DD}.Release|Any CPU.Build.0 = Release|Any CPU
		{195CBB90-8A32-4B22-99F3-BC5D62D6D2DD}.Staging|Any CPU.ActiveCfg = Debug|Any CPU
		{195CBB90-8A32-4B22-99F3-BC5D62D6D2DD}.Staging|Any CPU.Build.0 = Debug|Any CPU
		{195CBB90-8A32-4B22-99F3-BC5D62D6D2DD}.TDSBuild|Any CPU.ActiveCfg = Debug|Any CPU
		{195CBB90-8A32-4B22-99F3-BC5D62D6D2DD}.TDSBuild|Any CPU.Build.0 = Debug|Any CPU
		{C3A40AFF-C7A3-4797-BB33-4111C9B58580}.ACC|Any CPU.ActiveCfg = Release|Any CPU
		{C3A40AFF-C7A3-4797-BB33-4111C9B58580}.ACC|Any CPU.Build.0 = Release|Any CPU
		{C3A40AFF-C7A3-4797-BB33-4111C9B58580}.Common|Any CPU.ActiveCfg = Debug|Any CPU
		{C3A40AFF-C7A3-4797-BB33-4111C9B58580}.Common|Any CPU.Build.0 = Debug|Any CPU
		{C3A40AFF-C7A3-4797-BB33-4111C9B58580}.Debug|Any CPU.ActiveCfg = Debug|Any CPU
		{C3A40AFF-C7A3-4797-BB33-4111C9B58580}.Debug|Any CPU.Build.0 = Debug|Any CPU
		{C3A40AFF-C7A3-4797-BB33-4111C9B58580}.Release|Any CPU.ActiveCfg = Release|Any CPU
		{C3A40AFF-C7A3-4797-BB33-4111C9B58580}.Release|Any CPU.Build.0 = Release|Any CPU
		{C3A40AFF-C7A3-4797-BB33-4111C9B58580}.Staging|Any CPU.ActiveCfg = Debug|Any CPU
		{C3A40AFF-C7A3-4797-BB33-4111C9B58580}.Staging|Any CPU.Build.0 = Debug|Any CPU
		{C3A40AFF-C7A3-4797-BB33-4111C9B58580}.TDSBuild|Any CPU.ActiveCfg = Debug|Any CPU
		{C3A40AFF-C7A3-4797-BB33-4111C9B58580}.TDSBuild|Any CPU.Build.0 = Debug|Any CPU
		{486A0B89-AFFA-434A-AFC4-DBFA30FACD3E}.ACC|Any CPU.ActiveCfg = Release|Any CPU
		{486A0B89-AFFA-434A-AFC4-DBFA30FACD3E}.ACC|Any CPU.Build.0 = Release|Any CPU
		{486A0B89-AFFA-434A-AFC4-DBFA30FACD3E}.Common|Any CPU.ActiveCfg = Debug|Any CPU
		{486A0B89-AFFA-434A-AFC4-DBFA30FACD3E}.Common|Any CPU.Build.0 = Debug|Any CPU
		{486A0B89-AFFA-434A-AFC4-DBFA30FACD3E}.Debug|Any CPU.ActiveCfg = Debug|Any CPU
		{486A0B89-AFFA-434A-AFC4-DBFA30FACD3E}.Debug|Any CPU.Build.0 = Debug|Any CPU
		{486A0B89-AFFA-434A-AFC4-DBFA30FACD3E}.Release|Any CPU.ActiveCfg = Release|Any CPU
		{486A0B89-AFFA-434A-AFC4-DBFA30FACD3E}.Release|Any CPU.Build.0 = Release|Any CPU
		{486A0B89-AFFA-434A-AFC4-DBFA30FACD3E}.Staging|Any CPU.ActiveCfg = Debug|Any CPU
		{486A0B89-AFFA-434A-AFC4-DBFA30FACD3E}.Staging|Any CPU.Build.0 = Debug|Any CPU
		{486A0B89-AFFA-434A-AFC4-DBFA30FACD3E}.TDSBuild|Any CPU.ActiveCfg = Debug|Any CPU
		{486A0B89-AFFA-434A-AFC4-DBFA30FACD3E}.TDSBuild|Any CPU.Build.0 = Debug|Any CPU
		{303E3B02-F944-4CB9-B18F-960C28724F65}.ACC|Any CPU.ActiveCfg = Release|Any CPU
		{303E3B02-F944-4CB9-B18F-960C28724F65}.ACC|Any CPU.Build.0 = Release|Any CPU
		{303E3B02-F944-4CB9-B18F-960C28724F65}.Common|Any CPU.ActiveCfg = Debug|Any CPU
		{303E3B02-F944-4CB9-B18F-960C28724F65}.Common|Any CPU.Build.0 = Debug|Any CPU
		{303E3B02-F944-4CB9-B18F-960C28724F65}.Debug|Any CPU.ActiveCfg = Debug|Any CPU
		{303E3B02-F944-4CB9-B18F-960C28724F65}.Debug|Any CPU.Build.0 = Debug|Any CPU
		{303E3B02-F944-4CB9-B18F-960C28724F65}.Release|Any CPU.ActiveCfg = Release|Any CPU
		{303E3B02-F944-4CB9-B18F-960C28724F65}.Release|Any CPU.Build.0 = Release|Any CPU
		{303E3B02-F944-4CB9-B18F-960C28724F65}.Staging|Any CPU.ActiveCfg = Debug|Any CPU
		{303E3B02-F944-4CB9-B18F-960C28724F65}.Staging|Any CPU.Build.0 = Debug|Any CPU
		{303E3B02-F944-4CB9-B18F-960C28724F65}.TDSBuild|Any CPU.ActiveCfg = Debug|Any CPU
		{303E3B02-F944-4CB9-B18F-960C28724F65}.TDSBuild|Any CPU.Build.0 = Debug|Any CPU
		{075B0F12-F7F4-40EB-A7DD-C7737FCAC84F}.ACC|Any CPU.ActiveCfg = Release|Any CPU
		{075B0F12-F7F4-40EB-A7DD-C7737FCAC84F}.ACC|Any CPU.Build.0 = Release|Any CPU
		{075B0F12-F7F4-40EB-A7DD-C7737FCAC84F}.Common|Any CPU.ActiveCfg = Release|Any CPU
		{075B0F12-F7F4-40EB-A7DD-C7737FCAC84F}.Common|Any CPU.Build.0 = Release|Any CPU
		{075B0F12-F7F4-40EB-A7DD-C7737FCAC84F}.Debug|Any CPU.ActiveCfg = Debug|Any CPU
		{075B0F12-F7F4-40EB-A7DD-C7737FCAC84F}.Debug|Any CPU.Build.0 = Debug|Any CPU
		{075B0F12-F7F4-40EB-A7DD-C7737FCAC84F}.Release|Any CPU.ActiveCfg = Release|Any CPU
		{075B0F12-F7F4-40EB-A7DD-C7737FCAC84F}.Release|Any CPU.Build.0 = Release|Any CPU
		{075B0F12-F7F4-40EB-A7DD-C7737FCAC84F}.Staging|Any CPU.ActiveCfg = Release|Any CPU
		{075B0F12-F7F4-40EB-A7DD-C7737FCAC84F}.Staging|Any CPU.Build.0 = Release|Any CPU
		{075B0F12-F7F4-40EB-A7DD-C7737FCAC84F}.TDSBuild|Any CPU.ActiveCfg = Release|Any CPU
		{075B0F12-F7F4-40EB-A7DD-C7737FCAC84F}.TDSBuild|Any CPU.Build.0 = Release|Any CPU
	EndGlobalSection
	GlobalSection(SolutionProperties) = preSolution
		HideSolutionNode = FALSE
	EndGlobalSection
	GlobalSection(NestedProjects) = preSolution
		{58B12CE8-0F2B-4E74-A61D-76C36776589B} = {9409F3C3-B313-4767-AB93-0E3B4E9F61B9}
		{C18E560F-D66D-490B-B6E9-BA149166D233} = {9409F3C3-B313-4767-AB93-0E3B4E9F61B9}
		{38D05F6E-1A40-4B38-BB64-82220085FEF6} = {C18E560F-D66D-490B-B6E9-BA149166D233}
		{CE150842-25D5-4673-B4F8-F951465EFA28} = {9F767F40-6BBC-46AE-92D4-EAEF011ED346}
		{167F35B5-8CFE-400E-9CF6-8F828039C8EC} = {659FD0A2-2482-4D82-9800-41C44D91FA5E}
		{FE4712C8-3C02-45F1-B930-0973B704826C} = {83B5E153-0728-4228-85C4-4CE5EB705A49}
		{906FB2C2-33E4-4436-8D40-9F4906BFEB35} = {02CA579A-27A0-4765-9ABF-A892445DE61A}
		{417A5298-C85F-44B5-BCB0-8A0665CAF45E} = {0841E291-1A3D-4561-B469-F15D33A19342}
		{83B5E153-0728-4228-85C4-4CE5EB705A49} = {EDE3845D-78A7-421B-97B6-CDCE28311569}
		{02CA579A-27A0-4765-9ABF-A892445DE61A} = {EDE3845D-78A7-421B-97B6-CDCE28311569}
		{0841E291-1A3D-4561-B469-F15D33A19342} = {EDE3845D-78A7-421B-97B6-CDCE28311569}
		{9F767F40-6BBC-46AE-92D4-EAEF011ED346} = {EDE3845D-78A7-421B-97B6-CDCE28311569}
		{659FD0A2-2482-4D82-9800-41C44D91FA5E} = {EDE3845D-78A7-421B-97B6-CDCE28311569}
		{D39FE7C9-9E12-4E37-B99E-E17E0DDCF5A8} = {EA401552-2AAA-4F19-A1BF-01E1CA119453}
		{AA218213-7BE1-4C7C-9ABD-1ADFB0973370} = {EDE3845D-78A7-421B-97B6-CDCE28311569}
		{3C64A205-C35F-4C31-9B21-E74664F6C254} = {AA218213-7BE1-4C7C-9ABD-1ADFB0973370}
		{E5B68690-9A50-49D8-9B1A-E8C5DA181ADC} = {D39FE7C9-9E12-4E37-B99E-E17E0DDCF5A8}
		{21A6F351-EC58-4792-8DDC-4753A52682F3} = {EA401552-2AAA-4F19-A1BF-01E1CA119453}
		{195CBB90-8A32-4B22-99F3-BC5D62D6D2DD} = {21A6F351-EC58-4792-8DDC-4753A52682F3}
		{8E3A2A18-9E8A-4F19-ADE4-2D7948B93ABA} = {EDE3845D-78A7-421B-97B6-CDCE28311569}
		{EF0977DC-E57D-4E68-8DD5-034DCC2FFF84} = {EDE3845D-78A7-421B-97B6-CDCE28311569}
		{C3A40AFF-C7A3-4797-BB33-4111C9B58580} = {EF0977DC-E57D-4E68-8DD5-034DCC2FFF84}
		{C3BEC74D-5004-4179-8070-9EAE60DC5021} = {793A4AD2-0A79-4A1C-BFBF-E0A3BC7B5E97}
		{486A0B89-AFFA-434A-AFC4-DBFA30FACD3E} = {C3BEC74D-5004-4179-8070-9EAE60DC5021}
		{303E3B02-F944-4CB9-B18F-960C28724F65} = {8E3A2A18-9E8A-4F19-ADE4-2D7948B93ABA}
		{C0AAD11A-23A0-4587-91E4-F27389D56753} = {793A4AD2-0A79-4A1C-BFBF-E0A3BC7B5E97}
		{075B0F12-F7F4-40EB-A7DD-C7737FCAC84F} = {C0AAD11A-23A0-4587-91E4-F27389D56753}
	EndGlobalSection
	GlobalSection(ExtensibilityGlobals) = postSolution
		EnterpriseLibraryConfigurationToolBinariesPathV6 = packages\EnterpriseLibrary.Common.6.0.1304.0\lib\NET45;packages\EnterpriseLibrary.TransientFaultHandling.6.0.1304.0\lib\portable-net45+win+wp8;packages\EnterpriseLibrary.TransientFaultHandling.Caching.6.0.1304.0\lib\NET45;packages\EnterpriseLibrary.TransientFaultHandling.Data.6.0.1304.1\lib\NET45;packages\EnterpriseLibrary.TransientFaultHandling.ServiceBus.6.0.1304.0\lib\NET45;packages\EnterpriseLibrary.TransientFaultHandling.WindowsAzure.Storage.6.0.1304.0\lib\NET45;packages\EnterpriseLibrary.TransientFaultHandling.Configuration.6.0.1304.0\lib\NET45
		SolutionGuid = {49F9BD31-72EE-4C86-9D4F-A7A7B669E80E}
	EndGlobalSection
EndGlobal
